
Microsoft Visual Studio Solution File, Format Version 12.00
# Visual Studio Version 17
VisualStudioVersion = 17.7.34003.232
MinimumVisualStudioVersion = 10.0.40219.1
Project("{FAE04EC0-301F-11D3-BF4B-00C04F79EFBC}") = "CalculatorForm", "CalculatorForm.csproj", "{6C0BD683-E0FF-4F98-A1E0-3F8F46A4445B}"
EndProject
Global
	GlobalSection(SolutionConfigurationPlatforms) = preSolution
		Debug|Any CPU = Debug|Any CPU
		Release|Any CPU = Release|Any CPU
	EndGlobalSection
	GlobalSection(ProjectConfigurationPlatforms) = postSolution
		{6C0BD683-E0FF-4F98-A1E0-3F8F46A4445B}.Debug|Any CPU.ActiveCfg = Debug|Any CPU
		{6C0BD683-E0FF-4F98-A1E0-3F8F46A4445B}.Debug|Any CPU.Build.0 = Debug|Any CPU
		{6C0BD683-E0FF-4F98-A1E0-3F8F46A4445B}.Release|Any CPU.ActiveCfg = Release|Any CPU
		{6C0BD683-E0FF-4F98-A1E0-3F8F46A4445B}.Release|Any CPU.Build.0 = Release|Any CPU
	EndGlobalSection
	GlobalSection(SolutionProperties) = preSolution
		HideSolutionNode = FALSE
	EndGlobalSection
	GlobalSection(ExtensibilityGlobals) = postSolution
		SolutionGuid = {46BA8F9B-2298-4AD5-A1F2-33E1CD0BC41F}
	EndGlobalSection
EndGlobal
