using System;
using System.Collections.Generic;
using System.ComponentModel;
using System.Data;
using System.Drawing;
using System.Linq;
using System.Text;
using System.Threading.Tasks;
using System.Windows.Forms;
using System.IO;

namespace CalculatorForm
{
    public partial class SimpleCalculator : Form
    {
        //The variables for the first, second, and result numbers
        double firstNumber, secondNumber, result;
        List<double> resultHistory = new List<double>(); //Stores results from past calculations
        List<string> calculationLog = new List<string>(); //Stores equation logs
        bool continueCalculating = true; //Control variable for the loop

        //Function to initialize the form and its components
        public SimpleCalculator()
        {
            InitializeComponent();
            
        }

        private void generateRandom_Click(object sender, EventArgs e)
        {
            int[] randomNumbers = new int[2]; //Array to hold 5 random numbers
            Random rand = new Random();       //Random number generator
            string result = "Your numbers are:\n";

            for (int i = 0; i < randomNumbers.Length; i++)
            {
                randomNumbers[i] = rand.Next(1, 101); //Gets a random number from 1–100
                result += randomNumbers[i] + "\n";
            }

            MessageBox.Show(result, "Random Number Generator");
        }

        //The Event handler for the Add button. This function will be called when the "+" is clicked.
        private void button4_Click(object sender, EventArgs e)
        {
            //Validate the input to ensure both text boxes contain numbers
            if (ValidateInput())
            {
                //Perform addition if the input is valid
                result = firstNumber + secondNumber;
                //Display the result in a pop-up MessageBox
                MessageBox.Show("Sum: " + result.ToString());

                resultHistory.Add(result); //Saves the current result to the history
                calculationLog.Add($"{firstNumber} + {secondNumber} = {result}"); //Save the equation to the log
            }
        }

        //The Event handler for the Subtract button. This function will be called when the "-" is clicked.
        private void button3_Click(object sender, EventArgs e)
        {
            //Validate the input to ensure both text boxes contain numbers
            if (ValidateInput())
            {
                //Perform subtraction if the input is valid
                result = firstNumber - secondNumber;
                //Display the result in a pop-up MessageBox
                MessageBox.Show("Difference: " + result.ToString());

                resultHistory.Add(result);
                calculationLog.Add($"{firstNumber} - {secondNumber} = {result}"); //Save the equation to the log
            }
        }

        //The Event handler for the Multiplication button. This function will be called when the "*" is clicked.
        private void button2_Click(object sender, EventArgs e)
        {
            //Validate the input to ensure both text boxes contain numbers
            if (ValidateInput())
            {
                //Perform multiplication if the input is valid
                result = firstNumber * secondNumber;
                //Display the result in a pop-up MessageBox
                MessageBox.Show("Product: " + result.ToString());

                resultHistory.Add(result);
                calculationLog.Add($"{firstNumber} * {secondNumber} = {result}"); //Save the equation to the log
            }
        }

        //The Event handler for the Division button. This function will be called when the "/" is clicked.
        private void button1_Click_1(object sender, EventArgs e)
        {
            //Validate the input to ensure both text boxes contain numbers
            if (ValidateInput())
            {
                try
                {
                    if (secondNumber == 0) //Check for zero in the denominator during division
                    {
                        throw new DivideByZeroException("Hey! That's illegal!"); //Throws a new exception when zero is in the denominator
                    }
                    result = firstNumber / secondNumber;
                    //Display the result
                    MessageBox.Show("Quotient: " + result.ToString());
                    resultHistory.Add(result);
                    calculationLog.Add($"{firstNumber} / {secondNumber} = {result}"); //Save the equation to the log
                }
                catch (DivideByZeroException ex) 
                {
                    //Display the error in a message box
                    MessageBox.Show(ex.Message, "Error", MessageBoxButtons.OK, MessageBoxIcon.Warning);
                }
            }
        }

        //The handler for the Power (^) button. This function calculates exponents. 
        private void Power_Click(object sender, EventArgs e)
        {
            if (ValidateInput())
            {
                double powerResult = 1; //Create result variable
                for (int i = 0; i < (int)secondNumber; i++) //"For" loop to calculate powers
                {
                    powerResult *= firstNumber; //Multiplies the base by itself
                    //Display the result of the exponent calculation
                    MessageBox.Show(firstNumber + " to the power of " + secondNumber + " is: " + powerResult);

                    resultHistory.Add(result);
                    calculationLog.Add($"{firstNumber} + {secondNumber} = {result}"); //Save the equation to the log
                }               
                
            }
        }

        //Validate the input to ensure both text boxes contain numbers
        private bool ValidateInput()
        {
            try
            {
                //Try to parse the text entered in textBox1 and textBox2 as double values
                if (!double.TryParse(textBox1.Text, out firstNumber) || !double.TryParse(textBox2.Text, out secondNumber))
                {
                    throw new FormatException("We can only afford numbers. :)");

                }
                return true; //Return true if input is valid
            }
            catch (FormatException ex)
            {
                //Display error message if input is invalid
                MessageBox.Show(ex.Message, "Input Error", MessageBoxButtons.OK, MessageBoxIcon.Warning);
                return false; //Return false if input returns invalid
            }
            
        }

        //The event handler for the "History" button
        private void History_Click(object sender, EventArgs e)
        {
            //Checks if there are any results in the history list.
            if (resultHistory.Count == 0)
            {
                MessageBox.Show("There's nothing here, go do some math :)");
                return;
            }

            //Converts the history list to an array
            double[] historyArray = resultHistory.ToArray();

            //Message that will display the history
            string historyMessage = "Previous Calculations:\n";

            //Loops through the array for each result
            for (int i = 0; i < historyArray.Length; i++)
            {
                //Adds each result to the message
                historyMessage += $"{i + 1}. {historyArray[i]}\n";
            }

            //Shows all the results in a MessageBox titled "Calculation History".
            MessageBox.Show(historyMessage, "Calculation History");
        }

        // Method to save calculation history and log to two separate files
        private void SaveToFiles(string resultPath, string logPath)
        {
            try
            {
                // Write all result history as strings to the result file
                // `resultHistory.Select(r => r.ToString())` converts each result to a string for storage
                File.WriteAllLines(resultPath, resultHistory.Select(r => r.ToString()));

                // Write the entire calculation log to the log file
                // `calculationLog` is assumed to be a list of strings, so it can be directly written
                File.WriteAllLines(logPath, calculationLog);

                // Inform the user that the files have been successfully saved
                MessageBox.Show("History and log saved!");
            }
            catch (Exception ex)
            {
                // Catch any exceptions that occur during the file-writing process and show an error message
                MessageBox.Show("Error saving files: " + ex.Message);
            }
        }

        //Function to load calculation history and equation log from two separate files
        private void LoadFromFiles(string resultPath, string logPath)
        {
            try
            {
                //Checks if the result file exists
                if (File.Exists(resultPath))
                {
                    //If the file exists, all calculations will be read into an array 
                    string[] resultLines = File.ReadAllLines(resultPath);
                    //Converts the string lines to doubles and stores them in the "resultHistory" list
                    resultHistory = resultLines.Select(line => double.Parse(line)).ToList();
                }

                //Checks if the log file exists
                if (File.Exists(logPath))
                {
                    //If the file exists, read each entry into the calculation log
                    string[] logLines = File.ReadAllLines(logPath);

                    //Stores all log entries into the `calculationLog` list
                    calculationLog = logLines.ToList();
                }
                MessageBox.Show("History and log loaded!");
            }
            catch (Exception ex)
            {
                //Catch any exceptions that occur and show an error message
                MessageBox.Show("Error loading files: " + ex.Message);
            }
        }

        private void Save_Click(object sender, EventArgs e)
        {
            //Calls the method and saves the current history to the two files
            SaveToFiles("results.txt", "log.txt");
        }

        private void buttonLoad_Click(object sender, EventArgs e)
        {
            //Calls the method and loads the last saved data from the two files into the history
            LoadFromFiles("results.txt", "log.txt");
        }

        private void Log_Click(object sender, EventArgs e)
        {
            //Checks if the operation log list is empty
            if (calculationLog.Count == 0)
            {
                //If the log is empty, this lets the user know and stops here
                MessageBox.Show("No log entries found.");
                return;
            }

            //Starts a string to hold the calculations for the log
            string logMessage = "Calculation Log:\n";

            //Loops through each entry in the calculation log
            foreach (string log in calculationLog)
            {
                //Adds each calculation to the log
                logMessage += log + "\n";
            }

            //Shows the Log
            MessageBox.Show(logMessage, "Log");
        }

        //The Event handler for any text changes in textBox2
        private void textBox2_TextChanged(object sender, EventArgs e)
        {

        }

        private void Form1_Load(object sender, EventArgs e)
        {

        }

        //The Event handler for any text changes in textBox1
        private void textBox1_TextChanged_1(object sender, EventArgs e)
        {
            //No functionality
        }

        //The Event handler for the Clear button
        private void Clear_Click(object sender, EventArgs e)
        {
            //Clear the contents of both text boxes
            textBox2.Clear();
            textBox1.Clear();
        }       
    }
}

